
Microsoft Visual Studio Solution File, Format Version 12.00
# Visual Studio Version 17
VisualStudioVersion = 17.14.36017.23 d17.14
MinimumVisualStudioVersion = 10.0.40219.1
Project("{FAE04EC0-301F-11D3-BF4B-00C04F79EFBC}") = "WorkstationManager", "WorkstationManager\WorkstationManager.csproj", "{CCFE35A7-D33D-4831-BA9F-8275BE138F0B}"
EndProject
Global
	GlobalSection(SolutionConfigurationPlatforms) = preSolution
		Debug|Any CPU = Debug|Any CPU
		Release|Any CPU = Release|Any CPU
	EndGlobalSection
	GlobalSection(ProjectConfigurationPlatforms) = postSolution
		{CCFE35A7-D33D-4831-BA9F-8275BE138F0B}.Debug|Any CPU.ActiveCfg = Debug|Any CPU
		{CCFE35A7-D33D-4831-BA9F-8275BE138F0B}.Debug|Any CPU.Build.0 = Debug|Any CPU
		{CCFE35A7-D33D-4831-BA9F-8275BE138F0B}.Release|Any CPU.ActiveCfg = Release|Any CPU
		{CCFE35A7-D33D-4831-BA9F-8275BE138F0B}.Release|Any CPU.Build.0 = Release|Any CPU
	EndGlobalSection
	GlobalSection(SolutionProperties) = preSolution
		HideSolutionNode = FALSE
	EndGlobalSection
	GlobalSection(ExtensibilityGlobals) = postSolution
		SolutionGuid = {A6000D69-7187-4494-B0E9-740555CF9055}
	EndGlobalSection
EndGlobal
